// !$*UTF8*$!
{
	archiveVersion = 1;
	classes = {
	};
	objectVersion = 46;
	objects = {

/* Begin PBXBuildFile section */
		D203772E1986E7310000137F /* YREventDataCell.m in Sources */ = {isa = PBXBuildFile; fileRef = D203772D1986E7310000137F /* YREventDataCell.m */; };
		D20377311986F8FA0000137F /* Event.m in Sources */ = {isa = PBXBuildFile; fileRef = D20377301986F8FA0000137F /* Event.m */; };
		D24341481954FFE4004A31E1 /* YRHostTimeCardViewController.m in Sources */ = {isa = PBXBuildFile; fileRef = D24341471954FFE4004A31E1 /* YRHostTimeCardViewController.m */; };
		D243414B1959C23C004A31E1 /* YRSchedulingViewController.m in Sources */ = {isa = PBXBuildFile; fileRef = D243414A1959C23C004A31E1 /* YRSchedulingViewController.m */; };
		D243414E1959D838004A31E1 /* YRTimeCardView.m in Sources */ = {isa = PBXBuildFile; fileRef = D243414D1959D838004A31E1 /* YRTimeCardView.m */; };
		D251C65F196CA8B8003E86FD /* goldStar.png in Resources */ = {isa = PBXBuildFile; fileRef = D251C65E196CA8B8003E86FD /* goldStar.png */; };
		D251C661196F209A003E86FD /* flag.jpg in Resources */ = {isa = PBXBuildFile; fileRef = D251C660196F209A003E86FD /* flag.jpg */; };
		D251C66419704035003E86FD /* YRDebriefViewController.m in Sources */ = {isa = PBXBuildFile; fileRef = D251C66319704035003E86FD /* YRDebriefViewController.m */; };
		D251C66D197484E0003E86FD /* Interviewer.m in Sources */ = {isa = PBXBuildFile; fileRef = D251C66C197484E0003E86FD /* Interviewer.m */; };
		D251C66F19756B82003E86FD /* yahoo.png in Resources */ = {isa = PBXBuildFile; fileRef = D251C66E19756B82003E86FD /* yahoo.png */; };
		D251C67119756C61003E86FD /* tag.ico in Resources */ = {isa = PBXBuildFile; fileRef = D251C67019756C61003E86FD /* tag.ico */; };
		D251C67719761610003E86FD /* YRDebriefSearchModeViewController.m in Sources */ = {isa = PBXBuildFile; fileRef = D251C67619761610003E86FD /* YRDebriefSearchModeViewController.m */; };
		D251C67D1976DA1B003E86FD /* YRSearchResultCell.m in Sources */ = {isa = PBXBuildFile; fileRef = D251C67C1976DA1B003E86FD /* YRSearchResultCell.m */; };
		D251C6801976E41A003E86FD /* YRDebriefSearchModeDetailViewController.m in Sources */ = {isa = PBXBuildFile; fileRef = D251C67F1976E41A003E86FD /* YRDebriefSearchModeDetailViewController.m */; };
		D25268A8194F3E6100EBE43E /* MessageUI.framework in Frameworks */ = {isa = PBXBuildFile; fileRef = D25268A7194F3E6100EBE43E /* MessageUI.framework */; };
		D25268AB194F5CBC00EBE43E /* Main_iPad.storyboard in Resources */ = {isa = PBXBuildFile; fileRef = D25268AA194F5CBC00EBE43E /* Main_iPad.storyboard */; };
		D25268B019507D7700EBE43E /* document.png in Resources */ = {isa = PBXBuildFile; fileRef = D25268AF19507D7700EBE43E /* document.png */; };
		D25268B219507D8D00EBE43E /* folder.png in Resources */ = {isa = PBXBuildFile; fileRef = D25268B119507D8D00EBE43E /* folder.png */; };
		D25268B419507DE400EBE43E /* wifi.png in Resources */ = {isa = PBXBuildFile; fileRef = D25268B319507DE400EBE43E /* wifi.png */; };
		D25268B619507E5300EBE43E /* gear.png in Resources */ = {isa = PBXBuildFile; fileRef = D25268B519507E5300EBE43E /* gear.png */; };
		D25268B91950826800EBE43E /* YRViewerDataCell.m in Sources */ = {isa = PBXBuildFile; fileRef = D25268B81950826800EBE43E /* YRViewerDataCell.m */; };
		D25E489D198FCCBD0005A466 /* left.png in Resources */ = {isa = PBXBuildFile; fileRef = D25E489C198FCCBD0005A466 /* left.png */; };
		D25E489F198FCCCA0005A466 /* right.png in Resources */ = {isa = PBXBuildFile; fileRef = D25E489E198FCCCA0005A466 /* right.png */; };
		D290360A19A256AF007D354B /* upload1.png in Resources */ = {isa = PBXBuildFile; fileRef = D290360919A256AF007D354B /* upload1.png */; };
		D290360C19A258B4007D354B /* upload2.png in Resources */ = {isa = PBXBuildFile; fileRef = D290360B19A258B4007D354B /* upload2.png */; };
		D290360F19A28E47007D354B /* YRYDayPickerView.m in Sources */ = {isa = PBXBuildFile; fileRef = D290360E19A28E47007D354B /* YRYDayPickerView.m */; };
		D290361919A38CBE007D354B /* Guile.framework in Frameworks */ = {isa = PBXBuildFile; fileRef = D290361819A38CBE007D354B /* Guile.framework */; };
		D290361C19A65236007D354B /* prevCandidate.png in Resources */ = {isa = PBXBuildFile; fileRef = D290361A19A65236007D354B /* prevCandidate.png */; };
		D290361D19A65236007D354B /* nextCandidate.png in Resources */ = {isa = PBXBuildFile; fileRef = D290361B19A65236007D354B /* nextCandidate.png */; };
		D290362019A6630F007D354B /* YRYDaySelecterView.m in Sources */ = {isa = PBXBuildFile; fileRef = D290361F19A6630F007D354B /* YRYDaySelecterView.m */; };
		D290362319A6747F007D354B /* CandidateEntry.m in Sources */ = {isa = PBXBuildFile; fileRef = D290362219A6747F007D354B /* CandidateEntry.m */; };
		D290362619A67C4D007D354B /* checkbox.png in Resources */ = {isa = PBXBuildFile; fileRef = D290362419A67C4D007D354B /* checkbox.png */; };
		D290362719A67C4D007D354B /* check.png in Resources */ = {isa = PBXBuildFile; fileRef = D290362519A67C4D007D354B /* check.png */; };
		D290362919A69D2F007D354B /* E-mail.png in Resources */ = {isa = PBXBuildFile; fileRef = D290362819A69D2F007D354B /* E-mail.png */; };
		D298CE6719A7B6EE00D475DC /* delete.png in Resources */ = {isa = PBXBuildFile; fileRef = D298CE6619A7B6EE00D475DC /* delete.png */; };
		D298CE6919A7B76300D475DC /* file_delete.png in Resources */ = {isa = PBXBuildFile; fileRef = D298CE6819A7B76300D475DC /* file_delete.png */; };
		D2A6806E194B83AA0091B768 /* YRHostSettingViewController.m in Sources */ = {isa = PBXBuildFile; fileRef = D2A6806D194B83AA0091B768 /* YRHostSettingViewController.m */; };
		D2A68076194CB4CA0091B768 /* YRHostDetailViewController.m in Sources */ = {isa = PBXBuildFile; fileRef = D2A68075194CB4CA0091B768 /* YRHostDetailViewController.m */; };
		D2B2CAAB1987F2A70078C5B3 /* YRFormDataCell.m in Sources */ = {isa = PBXBuildFile; fileRef = D2B2CAAA1987F2A70078C5B3 /* YRFormDataCell.m */; };
		D2B2CAAD19885B490078C5B3 /* Edit-icon.png in Resources */ = {isa = PBXBuildFile; fileRef = D2B2CAAC19885B490078C5B3 /* Edit-icon.png */; };
		D2B5313B196AF1400019C7D7 /* clock.png in Resources */ = {isa = PBXBuildFile; fileRef = D2B5313A196AF1400019C7D7 /* clock.png */; };
		D2B5313D196B0AFE0019C7D7 /* Camera1.png in Resources */ = {isa = PBXBuildFile; fileRef = D2B5313C196B0AFE0019C7D7 /* Camera1.png */; };
		D2B5313F196B0B410019C7D7 /* Camera2.png in Resources */ = {isa = PBXBuildFile; fileRef = D2B5313E196B0B410019C7D7 /* Camera2.png */; };
		D2B53141196C994B0019C7D7 /* camera3.png in Resources */ = {isa = PBXBuildFile; fileRef = D2B53140196C994B0019C7D7 /* camera3.png */; };
		D2B623B8197EAB74006A385B /* upload.png in Resources */ = {isa = PBXBuildFile; fileRef = D2B623B7197EAB74006A385B /* upload.png */; };
		D2B6245119805232006A385B /* 114x114.png in Resources */ = {isa = PBXBuildFile; fileRef = D2B6244919805232006A385B /* 114x114.png */; };
		D2B6245219805232006A385B /* 120x120.png in Resources */ = {isa = PBXBuildFile; fileRef = D2B6244A19805232006A385B /* 120x120.png */; };
		D2B6245319805232006A385B /* 144x144.png in Resources */ = {isa = PBXBuildFile; fileRef = D2B6244B19805232006A385B /* 144x144.png */; };
		D2B6245419805232006A385B /* 152x152.png in Resources */ = {isa = PBXBuildFile; fileRef = D2B6244C19805232006A385B /* 152x152.png */; };
		D2B6245519805232006A385B /* 57x57.png in Resources */ = {isa = PBXBuildFile; fileRef = D2B6244D19805232006A385B /* 57x57.png */; };
		D2B6245619805232006A385B /* 60x60.png in Resources */ = {isa = PBXBuildFile; fileRef = D2B6244E19805232006A385B /* 60x60.png */; };
		D2B6245719805232006A385B /* 72x72.png in Resources */ = {isa = PBXBuildFile; fileRef = D2B6244F19805232006A385B /* 72x72.png */; };
		D2B6245819805232006A385B /* 76x76.png in Resources */ = {isa = PBXBuildFile; fileRef = D2B6245019805232006A385B /* 76x76.png */; };
		D2B6245D1981617C006A385B /* Recruit_Icon.png in Resources */ = {isa = PBXBuildFile; fileRef = D2B6245C1981617C006A385B /* Recruit_Icon.png */; };
		D2B80EE2198AE9200058B5DE /* Appointment.m in Sources */ = {isa = PBXBuildFile; fileRef = D2B80EE1198AE9200058B5DE /* Appointment.m */; };
		D2B80EE5198BDA290058B5DE /* YRDatePickerView.m in Sources */ = {isa = PBXBuildFile; fileRef = D2B80EE4198BDA290058B5DE /* YRDatePickerView.m */; };
		D2B8C398197DC97200FBBE5F /* corporate_en-US_purple_small_v.jpg in Resources */ = {isa = PBXBuildFile; fileRef = D2B8C397197DC97200FBBE5F /* corporate_en-US_purple_small_v.jpg */; };
		D2B8C39A197DCCDF00FBBE5F /* corporate_en-US_purple_medium_v.jpg in Resources */ = {isa = PBXBuildFile; fileRef = D2B8C399197DCCDF00FBBE5F /* corporate_en-US_purple_medium_v.jpg */; };
		D2BB41FD195C5E54002ECCC9 /* yahoo-icon.png in Resources */ = {isa = PBXBuildFile; fileRef = D2BB41FC195C5E54002ECCC9 /* yahoo-icon.png */; };
		D2CB59AF195393D900CAB252 /* YRClientSignInViewController.m in Sources */ = {isa = PBXBuildFile; fileRef = D2CB59AE195393D900CAB252 /* YRClientSignInViewController.m */; };
		D2D1E571195F36DF0084D8DA /* QuartzCore.framework in Frameworks */ = {isa = PBXBuildFile; fileRef = D2D1E570195F36DF0084D8DA /* QuartzCore.framework */; };
		D2D1E5731960E3370084D8DA /* email.png in Resources */ = {isa = PBXBuildFile; fileRef = D2D1E5721960E3370084D8DA /* email.png */; };
		D2D1E57519611BC90084D8DA /* Columbia_engineering.jpg in Resources */ = {isa = PBXBuildFile; fileRef = D2D1E57419611BC90084D8DA /* Columbia_engineering.jpg */; };
		D2D1E5771961BE2B0084D8DA /* camera.png in Resources */ = {isa = PBXBuildFile; fileRef = D2D1E5761961BE2B0084D8DA /* camera.png */; };
		D2D1E57D19633D4A0084D8DA /* YREmailGenerator.m in Sources */ = {isa = PBXBuildFile; fileRef = D2D1E57C19633D4A0084D8DA /* YREmailGenerator.m */; };
		D2F8185B19465FE5006E88FD /* Foundation.framework in Frameworks */ = {isa = PBXBuildFile; fileRef = D2F8185A19465FE5006E88FD /* Foundation.framework */; };
		D2F8185D19465FE5006E88FD /* CoreGraphics.framework in Frameworks */ = {isa = PBXBuildFile; fileRef = D2F8185C19465FE5006E88FD /* CoreGraphics.framework */; };
		D2F8185F19465FE5006E88FD /* UIKit.framework in Frameworks */ = {isa = PBXBuildFile; fileRef = D2F8185E19465FE5006E88FD /* UIKit.framework */; };
		D2F8186519465FE5006E88FD /* InfoPlist.strings in Resources */ = {isa = PBXBuildFile; fileRef = D2F8186319465FE5006E88FD /* InfoPlist.strings */; };
		D2F8186719465FE5006E88FD /* main.m in Sources */ = {isa = PBXBuildFile; fileRef = D2F8186619465FE5006E88FD /* main.m */; };
		D2F8186B19465FE5006E88FD /* YRAppDelegate.m in Sources */ = {isa = PBXBuildFile; fileRef = D2F8186A19465FE5006E88FD /* YRAppDelegate.m */; };
		D2F8186E19465FE5006E88FD /* Main_iPhone.storyboard in Resources */ = {isa = PBXBuildFile; fileRef = D2F8186C19465FE5006E88FD /* Main_iPhone.storyboard */; };
		D2F8187119465FE5006E88FD /* YRMainViewController.m in Sources */ = {isa = PBXBuildFile; fileRef = D2F8187019465FE5006E88FD /* YRMainViewController.m */; };
		D2F8187319465FE5006E88FD /* Images.xcassets in Resources */ = {isa = PBXBuildFile; fileRef = D2F8187219465FE5006E88FD /* Images.xcassets */; };
		D2F8187A19465FE5006E88FD /* XCTest.framework in Frameworks */ = {isa = PBXBuildFile; fileRef = D2F8187919465FE5006E88FD /* XCTest.framework */; };
		D2F8187B19465FE5006E88FD /* Foundation.framework in Frameworks */ = {isa = PBXBuildFile; fileRef = D2F8185A19465FE5006E88FD /* Foundation.framework */; };
		D2F8187C19465FE5006E88FD /* UIKit.framework in Frameworks */ = {isa = PBXBuildFile; fileRef = D2F8185E19465FE5006E88FD /* UIKit.framework */; };
		D2F8188419465FE5006E88FD /* InfoPlist.strings in Resources */ = {isa = PBXBuildFile; fileRef = D2F8188219465FE5006E88FD /* InfoPlist.strings */; };
		D2F8188619465FE5006E88FD /* RecruitTests.m in Sources */ = {isa = PBXBuildFile; fileRef = D2F8188519465FE5006E88FD /* RecruitTests.m */; };
		D2F8189119466940006E88FD /* YRHostMainViewController.m in Sources */ = {isa = PBXBuildFile; fileRef = D2F8189019466940006E88FD /* YRHostMainViewController.m */; };
		D2F8189719469FC1006E88FD /* YRMCManager.m in Sources */ = {isa = PBXBuildFile; fileRef = D2F8189619469FC1006E88FD /* YRMCManager.m */; };
		D2F8189A1946B3E4006E88FD /* YRFormViewController.m in Sources */ = {isa = PBXBuildFile; fileRef = D2F818991946B3E4006E88FD /* YRFormViewController.m */; };
		D2F8189D19474712006E88FD /* YRDataViewController.m in Sources */ = {isa = PBXBuildFile; fileRef = D2F8189C19474712006E88FD /* YRDataViewController.m */; };
		D2F818A019476113006E88FD /* YRinfoDataCell.m in Sources */ = {isa = PBXBuildFile; fileRef = D2F8189F19476113006E88FD /* YRinfoDataCell.m */; };
		D2F818A519489B5E006E88FD /* Recruit.xcdatamodeld in Sources */ = {isa = PBXBuildFile; fileRef = D2F818A319489B5E006E88FD /* Recruit.xcdatamodeld */; };
		D2F818A719489FF8006E88FD /* CoreData.framework in Frameworks */ = {isa = PBXBuildFile; fileRef = D2F818A619489FF8006E88FD /* CoreData.framework */; };
		D2F818B31948E691006E88FD /* YRDataManager.m in Sources */ = {isa = PBXBuildFile; fileRef = D2F818B21948E691006E88FD /* YRDataManager.m */; };
/* End PBXBuildFile section */

/* Begin PBXContainerItemProxy section */
		D2F8187D19465FE5006E88FD /* PBXContainerItemProxy */ = {
			isa = PBXContainerItemProxy;
			containerPortal = D2F8184F19465FE4006E88FD /* Project object */;
			proxyType = 1;
			remoteGlobalIDString = D2F8185619465FE5006E88FD;
			remoteInfo = Recruit;
		};
/* End PBXContainerItemProxy section */

/* Begin PBXFileReference section */
		D203772C1986E7310000137F /* YREventDataCell.h */ = {isa = PBXFileReference; fileEncoding = 4; lastKnownFileType = sourcecode.c.h; name = YREventDataCell.h; path = ../YREventDataCell.h; sourceTree = "<group>"; };
		D203772D1986E7310000137F /* YREventDataCell.m */ = {isa = PBXFileReference; fileEncoding = 4; lastKnownFileType = sourcecode.c.objc; name = YREventDataCell.m; path = ../YREventDataCell.m; sourceTree = "<group>"; };
		D203772F1986F8FA0000137F /* Event.h */ = {isa = PBXFileReference; fileEncoding = 4; lastKnownFileType = sourcecode.c.h; path = Event.h; sourceTree = "<group>"; };
		D20377301986F8FA0000137F /* Event.m */ = {isa = PBXFileReference; fileEncoding = 4; lastKnownFileType = sourcecode.c.objc; path = Event.m; sourceTree = "<group>"; };
		D24341461954FFE4004A31E1 /* YRHostTimeCardViewController.h */ = {isa = PBXFileReference; fileEncoding = 4; lastKnownFileType = sourcecode.c.h; path = YRHostTimeCardViewController.h; sourceTree = "<group>"; };
		D24341471954FFE4004A31E1 /* YRHostTimeCardViewController.m */ = {isa = PBXFileReference; fileEncoding = 4; lastKnownFileType = sourcecode.c.objc; path = YRHostTimeCardViewController.m; sourceTree = "<group>"; };
		D24341491959C23C004A31E1 /* YRSchedulingViewController.h */ = {isa = PBXFileReference; fileEncoding = 4; lastKnownFileType = sourcecode.c.h; path = YRSchedulingViewController.h; sourceTree = "<group>"; };
		D243414A1959C23C004A31E1 /* YRSchedulingViewController.m */ = {isa = PBXFileReference; fileEncoding = 4; lastKnownFileType = sourcecode.c.objc; path = YRSchedulingViewController.m; sourceTree = "<group>"; };
		D243414C1959D838004A31E1 /* YRTimeCardView.h */ = {isa = PBXFileReference; fileEncoding = 4; lastKnownFileType = sourcecode.c.h; path = YRTimeCardView.h; sourceTree = "<group>"; };
		D243414D1959D838004A31E1 /* YRTimeCardView.m */ = {isa = PBXFileReference; fileEncoding = 4; lastKnownFileType = sourcecode.c.objc; path = YRTimeCardView.m; sourceTree = "<group>"; };
		D251C65E196CA8B8003E86FD /* goldStar.png */ = {isa = PBXFileReference; lastKnownFileType = image.png; path = goldStar.png; sourceTree = "<group>"; };
		D251C660196F209A003E86FD /* flag.jpg */ = {isa = PBXFileReference; lastKnownFileType = image.jpeg; path = flag.jpg; sourceTree = "<group>"; };
		D251C66219704035003E86FD /* YRDebriefViewController.h */ = {isa = PBXFileReference; fileEncoding = 4; lastKnownFileType = sourcecode.c.h; path = YRDebriefViewController.h; sourceTree = "<group>"; };
		D251C66319704035003E86FD /* YRDebriefViewController.m */ = {isa = PBXFileReference; fileEncoding = 4; lastKnownFileType = sourcecode.c.objc; path = YRDebriefViewController.m; sourceTree = "<group>"; };
		D251C66B197484E0003E86FD /* Interviewer.h */ = {isa = PBXFileReference; fileEncoding = 4; lastKnownFileType = sourcecode.c.h; path = Interviewer.h; sourceTree = "<group>"; };
		D251C66C197484E0003E86FD /* Interviewer.m */ = {isa = PBXFileReference; fileEncoding = 4; lastKnownFileType = sourcecode.c.objc; path = Interviewer.m; sourceTree = "<group>"; };
		D251C66E19756B82003E86FD /* yahoo.png */ = {isa = PBXFileReference; lastKnownFileType = image.png; path = yahoo.png; sourceTree = "<group>"; };
		D251C67019756C61003E86FD /* tag.ico */ = {isa = PBXFileReference; lastKnownFileType = image.ico; path = tag.ico; sourceTree = "<group>"; };
		D251C67519761610003E86FD /* YRDebriefSearchModeViewController.h */ = {isa = PBXFileReference; fileEncoding = 4; lastKnownFileType = sourcecode.c.h; path = YRDebriefSearchModeViewController.h; sourceTree = "<group>"; };
		D251C67619761610003E86FD /* YRDebriefSearchModeViewController.m */ = {isa = PBXFileReference; fileEncoding = 4; lastKnownFileType = sourcecode.c.objc; path = YRDebriefSearchModeViewController.m; sourceTree = "<group>"; };
		D251C67B1976DA1B003E86FD /* YRSearchResultCell.h */ = {isa = PBXFileReference; fileEncoding = 4; lastKnownFileType = sourcecode.c.h; path = YRSearchResultCell.h; sourceTree = "<group>"; };
		D251C67C1976DA1B003E86FD /* YRSearchResultCell.m */ = {isa = PBXFileReference; fileEncoding = 4; lastKnownFileType = sourcecode.c.objc; path = YRSearchResultCell.m; sourceTree = "<group>"; };
		D251C67E1976E41A003E86FD /* YRDebriefSearchModeDetailViewController.h */ = {isa = PBXFileReference; fileEncoding = 4; lastKnownFileType = sourcecode.c.h; path = YRDebriefSearchModeDetailViewController.h; sourceTree = "<group>"; };
		D251C67F1976E41A003E86FD /* YRDebriefSearchModeDetailViewController.m */ = {isa = PBXFileReference; fileEncoding = 4; lastKnownFileType = sourcecode.c.objc; path = YRDebriefSearchModeDetailViewController.m; sourceTree = "<group>"; };
		D25268A7194F3E6100EBE43E /* MessageUI.framework */ = {isa = PBXFileReference; lastKnownFileType = wrapper.framework; name = MessageUI.framework; path = System/Library/Frameworks/MessageUI.framework; sourceTree = SDKROOT; };
		D25268AA194F5CBC00EBE43E /* Main_iPad.storyboard */ = {isa = PBXFileReference; fileEncoding = 4; lastKnownFileType = file.storyboard; path = Main_iPad.storyboard; sourceTree = "<group>"; };
		D25268AF19507D7700EBE43E /* document.png */ = {isa = PBXFileReference; lastKnownFileType = image.png; path = document.png; sourceTree = "<group>"; };
		D25268B119507D8D00EBE43E /* folder.png */ = {isa = PBXFileReference; lastKnownFileType = image.png; path = folder.png; sourceTree = "<group>"; };
		D25268B319507DE400EBE43E /* wifi.png */ = {isa = PBXFileReference; lastKnownFileType = image.png; path = wifi.png; sourceTree = "<group>"; };
		D25268B519507E5300EBE43E /* gear.png */ = {isa = PBXFileReference; lastKnownFileType = image.png; path = gear.png; sourceTree = "<group>"; };
		D25268B71950826800EBE43E /* YRViewerDataCell.h */ = {isa = PBXFileReference; fileEncoding = 4; lastKnownFileType = sourcecode.c.h; path = YRViewerDataCell.h; sourceTree = "<group>"; };
		D25268B81950826800EBE43E /* YRViewerDataCell.m */ = {isa = PBXFileReference; fileEncoding = 4; lastKnownFileType = sourcecode.c.objc; path = YRViewerDataCell.m; sourceTree = "<group>"; };
		D25E489C198FCCBD0005A466 /* left.png */ = {isa = PBXFileReference; lastKnownFileType = image.png; path = left.png; sourceTree = "<group>"; };
		D25E489E198FCCCA0005A466 /* right.png */ = {isa = PBXFileReference; lastKnownFileType = image.png; path = right.png; sourceTree = "<group>"; };
		D290360919A256AF007D354B /* upload1.png */ = {isa = PBXFileReference; lastKnownFileType = image.png; path = upload1.png; sourceTree = "<group>"; };
		D290360B19A258B4007D354B /* upload2.png */ = {isa = PBXFileReference; lastKnownFileType = image.png; path = upload2.png; sourceTree = "<group>"; };
		D290360D19A28E47007D354B /* YRYDayPickerView.h */ = {isa = PBXFileReference; fileEncoding = 4; lastKnownFileType = sourcecode.c.h; path = YRYDayPickerView.h; sourceTree = "<group>"; };
		D290360E19A28E47007D354B /* YRYDayPickerView.m */ = {isa = PBXFileReference; fileEncoding = 4; lastKnownFileType = sourcecode.c.objc; path = YRYDayPickerView.m; sourceTree = "<group>"; };
		D290361819A38CBE007D354B /* Guile.framework */ = {isa = PBXFileReference; lastKnownFileType = wrapper.framework; path = Guile.framework; sourceTree = "<group>"; };
		D290361A19A65236007D354B /* prevCandidate.png */ = {isa = PBXFileReference; lastKnownFileType = image.png; path = prevCandidate.png; sourceTree = "<group>"; };
		D290361B19A65236007D354B /* nextCandidate.png */ = {isa = PBXFileReference; lastKnownFileType = image.png; path = nextCandidate.png; sourceTree = "<group>"; };
		D290361E19A6630F007D354B /* YRYDaySelecterView.h */ = {isa = PBXFileReference; fileEncoding = 4; lastKnownFileType = sourcecode.c.h; path = YRYDaySelecterView.h; sourceTree = "<group>"; };
		D290361F19A6630F007D354B /* YRYDaySelecterView.m */ = {isa = PBXFileReference; fileEncoding = 4; lastKnownFileType = sourcecode.c.objc; path = YRYDaySelecterView.m; sourceTree = "<group>"; };
		D290362119A6747F007D354B /* CandidateEntry.h */ = {isa = PBXFileReference; fileEncoding = 4; lastKnownFileType = sourcecode.c.h; path = CandidateEntry.h; sourceTree = "<group>"; };
		D290362219A6747F007D354B /* CandidateEntry.m */ = {isa = PBXFileReference; fileEncoding = 4; lastKnownFileType = sourcecode.c.objc; path = CandidateEntry.m; sourceTree = "<group>"; };
		D290362419A67C4D007D354B /* checkbox.png */ = {isa = PBXFileReference; lastKnownFileType = image.png; path = checkbox.png; sourceTree = "<group>"; };
		D290362519A67C4D007D354B /* check.png */ = {isa = PBXFileReference; lastKnownFileType = image.png; path = check.png; sourceTree = "<group>"; };
		D290362819A69D2F007D354B /* E-mail.png */ = {isa = PBXFileReference; lastKnownFileType = image.png; path = "E-mail.png"; sourceTree = "<group>"; };
		D298CE6619A7B6EE00D475DC /* delete.png */ = {isa = PBXFileReference; lastKnownFileType = image.png; path = delete.png; sourceTree = "<group>"; };
		D298CE6819A7B76300D475DC /* file_delete.png */ = {isa = PBXFileReference; lastKnownFileType = image.png; path = file_delete.png; sourceTree = "<group>"; };
		D2A6806C194B83AA0091B768 /* YRHostSettingViewController.h */ = {isa = PBXFileReference; fileEncoding = 4; lastKnownFileType = sourcecode.c.h; name = YRHostSettingViewController.h; path = Recruit/YRHostSettingViewController.h; sourceTree = SOURCE_ROOT; };
		D2A6806D194B83AA0091B768 /* YRHostSettingViewController.m */ = {isa = PBXFileReference; fileEncoding = 4; lastKnownFileType = sourcecode.c.objc; name = YRHostSettingViewController.m; path = Recruit/YRHostSettingViewController.m; sourceTree = SOURCE_ROOT; };
		D2A68074194CB4CA0091B768 /* YRHostDetailViewController.h */ = {isa = PBXFileReference; fileEncoding = 4; lastKnownFileType = sourcecode.c.h; name = YRHostDetailViewController.h; path = Recruit/YRHostDetailViewController.h; sourceTree = SOURCE_ROOT; };
		D2A68075194CB4CA0091B768 /* YRHostDetailViewController.m */ = {isa = PBXFileReference; fileEncoding = 4; lastKnownFileType = sourcecode.c.objc; name = YRHostDetailViewController.m; path = Recruit/YRHostDetailViewController.m; sourceTree = SOURCE_ROOT; };
		D2B2CAA91987F2A70078C5B3 /* YRFormDataCell.h */ = {isa = PBXFileReference; fileEncoding = 4; lastKnownFileType = sourcecode.c.h; name = YRFormDataCell.h; path = ../YRFormDataCell.h; sourceTree = "<group>"; };
		D2B2CAAA1987F2A70078C5B3 /* YRFormDataCell.m */ = {isa = PBXFileReference; fileEncoding = 4; lastKnownFileType = sourcecode.c.objc; name = YRFormDataCell.m; path = ../YRFormDataCell.m; sourceTree = "<group>"; };
		D2B2CAAC19885B490078C5B3 /* Edit-icon.png */ = {isa = PBXFileReference; lastKnownFileType = image.png; path = "Edit-icon.png"; sourceTree = "<group>"; };
		D2B5313A196AF1400019C7D7 /* clock.png */ = {isa = PBXFileReference; lastKnownFileType = image.png; path = clock.png; sourceTree = "<group>"; };
		D2B5313C196B0AFE0019C7D7 /* Camera1.png */ = {isa = PBXFileReference; lastKnownFileType = image.png; path = Camera1.png; sourceTree = "<group>"; };
		D2B5313E196B0B410019C7D7 /* Camera2.png */ = {isa = PBXFileReference; lastKnownFileType = image.png; path = Camera2.png; sourceTree = "<group>"; };
		D2B53140196C994B0019C7D7 /* camera3.png */ = {isa = PBXFileReference; lastKnownFileType = image.png; path = camera3.png; sourceTree = "<group>"; };
		D2B623B7197EAB74006A385B /* upload.png */ = {isa = PBXFileReference; lastKnownFileType = image.png; path = upload.png; sourceTree = "<group>"; };
		D2B6244919805232006A385B /* 114x114.png */ = {isa = PBXFileReference; lastKnownFileType = image.png; path = 114x114.png; sourceTree = "<group>"; };
		D2B6244A19805232006A385B /* 120x120.png */ = {isa = PBXFileReference; lastKnownFileType = image.png; path = 120x120.png; sourceTree = "<group>"; };
		D2B6244B19805232006A385B /* 144x144.png */ = {isa = PBXFileReference; lastKnownFileType = image.png; path = 144x144.png; sourceTree = "<group>"; };
		D2B6244C19805232006A385B /* 152x152.png */ = {isa = PBXFileReference; lastKnownFileType = image.png; path = 152x152.png; sourceTree = "<group>"; };
		D2B6244D19805232006A385B /* 57x57.png */ = {isa = PBXFileReference; lastKnownFileType = image.png; path = 57x57.png; sourceTree = "<group>"; };
		D2B6244E19805232006A385B /* 60x60.png */ = {isa = PBXFileReference; lastKnownFileType = image.png; path = 60x60.png; sourceTree = "<group>"; };
		D2B6244F19805232006A385B /* 72x72.png */ = {isa = PBXFileReference; lastKnownFileType = image.png; path = 72x72.png; sourceTree = "<group>"; };
		D2B6245019805232006A385B /* 76x76.png */ = {isa = PBXFileReference; lastKnownFileType = image.png; path = 76x76.png; sourceTree = "<group>"; };
		D2B6245C1981617C006A385B /* Recruit_Icon.png */ = {isa = PBXFileReference; lastKnownFileType = image.png; path = Recruit_Icon.png; sourceTree = "<group>"; };
		D2B80EE0198AE9200058B5DE /* Appointment.h */ = {isa = PBXFileReference; fileEncoding = 4; lastKnownFileType = sourcecode.c.h; path = Appointment.h; sourceTree = "<group>"; };
		D2B80EE1198AE9200058B5DE /* Appointment.m */ = {isa = PBXFileReference; fileEncoding = 4; lastKnownFileType = sourcecode.c.objc; path = Appointment.m; sourceTree = "<group>"; };
		D2B80EE3198BDA290058B5DE /* YRDatePickerView.h */ = {isa = PBXFileReference; fileEncoding = 4; lastKnownFileType = sourcecode.c.h; name = YRDatePickerView.h; path = ../YRDatePickerView.h; sourceTree = "<group>"; };
		D2B80EE4198BDA290058B5DE /* YRDatePickerView.m */ = {isa = PBXFileReference; fileEncoding = 4; lastKnownFileType = sourcecode.c.objc; name = YRDatePickerView.m; path = ../YRDatePickerView.m; sourceTree = "<group>"; };
		D2B8C397197DC97200FBBE5F /* corporate_en-US_purple_small_v.jpg */ = {isa = PBXFileReference; lastKnownFileType = image.jpeg; path = "corporate_en-US_purple_small_v.jpg"; sourceTree = "<group>"; };
		D2B8C399197DCCDF00FBBE5F /* corporate_en-US_purple_medium_v.jpg */ = {isa = PBXFileReference; lastKnownFileType = image.jpeg; path = "corporate_en-US_purple_medium_v.jpg"; sourceTree = "<group>"; };
		D2BB41FC195C5E54002ECCC9 /* yahoo-icon.png */ = {isa = PBXFileReference; lastKnownFileType = image.png; path = "yahoo-icon.png"; sourceTree = "<group>"; };
		D2CB59AD195393D900CAB252 /* YRClientSignInViewController.h */ = {isa = PBXFileReference; fileEncoding = 4; lastKnownFileType = sourcecode.c.h; path = YRClientSignInViewController.h; sourceTree = "<group>"; };
		D2CB59AE195393D900CAB252 /* YRClientSignInViewController.m */ = {isa = PBXFileReference; fileEncoding = 4; lastKnownFileType = sourcecode.c.objc; path = YRClientSignInViewController.m; sourceTree = "<group>"; };
		D2D1E570195F36DF0084D8DA /* QuartzCore.framework */ = {isa = PBXFileReference; lastKnownFileType = wrapper.framework; name = QuartzCore.framework; path = System/Library/Frameworks/QuartzCore.framework; sourceTree = SDKROOT; };
		D2D1E5721960E3370084D8DA /* email.png */ = {isa = PBXFileReference; lastKnownFileType = image.png; path = email.png; sourceTree = "<group>"; };
		D2D1E57419611BC90084D8DA /* Columbia_engineering.jpg */ = {isa = PBXFileReference; lastKnownFileType = image.jpeg; path = Columbia_engineering.jpg; sourceTree = "<group>"; };
		D2D1E5761961BE2B0084D8DA /* camera.png */ = {isa = PBXFileReference; lastKnownFileType = image.png; path = camera.png; sourceTree = "<group>"; };
		D2D1E57B19633D4A0084D8DA /* YREmailGenerator.h */ = {isa = PBXFileReference; fileEncoding = 4; lastKnownFileType = sourcecode.c.h; name = YREmailGenerator.h; path = Recruit/YREmailGenerator.h; sourceTree = SOURCE_ROOT; };
		D2D1E57C19633D4A0084D8DA /* YREmailGenerator.m */ = {isa = PBXFileReference; fileEncoding = 4; lastKnownFileType = sourcecode.c.objc; name = YREmailGenerator.m; path = Recruit/YREmailGenerator.m; sourceTree = SOURCE_ROOT; };
		D2F8185719465FE5006E88FD /* Recruit.app */ = {isa = PBXFileReference; explicitFileType = wrapper.application; includeInIndex = 0; path = Recruit.app; sourceTree = BUILT_PRODUCTS_DIR; };
		D2F8185A19465FE5006E88FD /* Foundation.framework */ = {isa = PBXFileReference; lastKnownFileType = wrapper.framework; name = Foundation.framework; path = System/Library/Frameworks/Foundation.framework; sourceTree = SDKROOT; };
		D2F8185C19465FE5006E88FD /* CoreGraphics.framework */ = {isa = PBXFileReference; lastKnownFileType = wrapper.framework; name = CoreGraphics.framework; path = System/Library/Frameworks/CoreGraphics.framework; sourceTree = SDKROOT; };
		D2F8185E19465FE5006E88FD /* UIKit.framework */ = {isa = PBXFileReference; lastKnownFileType = wrapper.framework; name = UIKit.framework; path = System/Library/Frameworks/UIKit.framework; sourceTree = SDKROOT; };
		D2F8186219465FE5006E88FD /* Recruit-Info.plist */ = {isa = PBXFileReference; lastKnownFileType = text.plist.xml; path = "Recruit-Info.plist"; sourceTree = "<group>"; };
		D2F8186419465FE5006E88FD /* en */ = {isa = PBXFileReference; lastKnownFileType = text.plist.strings; name = en; path = en.lproj/InfoPlist.strings; sourceTree = "<group>"; };
		D2F8186619465FE5006E88FD /* main.m */ = {isa = PBXFileReference; lastKnownFileType = sourcecode.c.objc; path = main.m; sourceTree = "<group>"; };
		D2F8186819465FE5006E88FD /* Recruit-Prefix.pch */ = {isa = PBXFileReference; lastKnownFileType = sourcecode.c.h; path = "Recruit-Prefix.pch"; sourceTree = "<group>"; };
		D2F8186919465FE5006E88FD /* YRAppDelegate.h */ = {isa = PBXFileReference; lastKnownFileType = sourcecode.c.h; path = YRAppDelegate.h; sourceTree = "<group>"; };
		D2F8186A19465FE5006E88FD /* YRAppDelegate.m */ = {isa = PBXFileReference; lastKnownFileType = sourcecode.c.objc; path = YRAppDelegate.m; sourceTree = "<group>"; };
		D2F8186D19465FE5006E88FD /* Base */ = {isa = PBXFileReference; lastKnownFileType = file.storyboard; name = Base; path = Base.lproj/Main_iPhone.storyboard; sourceTree = "<group>"; };
		D2F8186F19465FE5006E88FD /* YRMainViewController.h */ = {isa = PBXFileReference; lastKnownFileType = sourcecode.c.h; path = YRMainViewController.h; sourceTree = "<group>"; };
		D2F8187019465FE5006E88FD /* YRMainViewController.m */ = {isa = PBXFileReference; lastKnownFileType = sourcecode.c.objc; path = YRMainViewController.m; sourceTree = "<group>"; };
		D2F8187219465FE5006E88FD /* Images.xcassets */ = {isa = PBXFileReference; lastKnownFileType = folder.assetcatalog; path = Images.xcassets; sourceTree = "<group>"; };
		D2F8187819465FE5006E88FD /* RecruitTests.xctest */ = {isa = PBXFileReference; explicitFileType = wrapper.cfbundle; includeInIndex = 0; path = RecruitTests.xctest; sourceTree = BUILT_PRODUCTS_DIR; };
		D2F8187919465FE5006E88FD /* XCTest.framework */ = {isa = PBXFileReference; lastKnownFileType = wrapper.framework; name = XCTest.framework; path = Library/Frameworks/XCTest.framework; sourceTree = DEVELOPER_DIR; };
		D2F8188119465FE5006E88FD /* RecruitTests-Info.plist */ = {isa = PBXFileReference; lastKnownFileType = text.plist.xml; path = "RecruitTests-Info.plist"; sourceTree = "<group>"; };
		D2F8188319465FE5006E88FD /* en */ = {isa = PBXFileReference; lastKnownFileType = text.plist.strings; name = en; path = en.lproj/InfoPlist.strings; sourceTree = "<group>"; };
		D2F8188519465FE5006E88FD /* RecruitTests.m */ = {isa = PBXFileReference; lastKnownFileType = sourcecode.c.objc; path = RecruitTests.m; sourceTree = "<group>"; };
		D2F8188F19466940006E88FD /* YRHostMainViewController.h */ = {isa = PBXFileReference; fileEncoding = 4; lastKnownFileType = sourcecode.c.h; name = YRHostMainViewController.h; path = Recruit/YRHostMainViewController.h; sourceTree = SOURCE_ROOT; };
		D2F8189019466940006E88FD /* YRHostMainViewController.m */ = {isa = PBXFileReference; fileEncoding = 4; lastKnownFileType = sourcecode.c.objc; name = YRHostMainViewController.m; path = Recruit/YRHostMainViewController.m; sourceTree = SOURCE_ROOT; };
		D2F8189519469FC1006E88FD /* YRMCManager.h */ = {isa = PBXFileReference; fileEncoding = 4; lastKnownFileType = sourcecode.c.h; path = YRMCManager.h; sourceTree = "<group>"; };
		D2F8189619469FC1006E88FD /* YRMCManager.m */ = {isa = PBXFileReference; fileEncoding = 4; lastKnownFileType = sourcecode.c.objc; path = YRMCManager.m; sourceTree = "<group>"; };
		D2F818981946B3E4006E88FD /* YRFormViewController.h */ = {isa = PBXFileReference; fileEncoding = 4; lastKnownFileType = sourcecode.c.h; name = YRFormViewController.h; path = ../YRFormViewController.h; sourceTree = "<group>"; };
		D2F818991946B3E4006E88FD /* YRFormViewController.m */ = {isa = PBXFileReference; fileEncoding = 4; lastKnownFileType = sourcecode.c.objc; name = YRFormViewController.m; path = ../YRFormViewController.m; sourceTree = "<group>"; };
		D2F8189B19474712006E88FD /* YRDataViewController.h */ = {isa = PBXFileReference; fileEncoding = 4; lastKnownFileType = sourcecode.c.h; name = YRDataViewController.h; path = ../YRDataViewController.h; sourceTree = "<group>"; };
		D2F8189C19474712006E88FD /* YRDataViewController.m */ = {isa = PBXFileReference; fileEncoding = 4; lastKnownFileType = sourcecode.c.objc; name = YRDataViewController.m; path = ../YRDataViewController.m; sourceTree = "<group>"; };
		D2F8189E19476113006E88FD /* YRinfoDataCell.h */ = {isa = PBXFileReference; fileEncoding = 4; lastKnownFileType = sourcecode.c.h; name = YRinfoDataCell.h; path = ../YRinfoDataCell.h; sourceTree = "<group>"; };
		D2F8189F19476113006E88FD /* YRinfoDataCell.m */ = {isa = PBXFileReference; fileEncoding = 4; lastKnownFileType = sourcecode.c.objc; name = YRinfoDataCell.m; path = ../YRinfoDataCell.m; sourceTree = "<group>"; };
		D2F818A419489B5E006E88FD /* Recruit.xcdatamodel */ = {isa = PBXFileReference; lastKnownFileType = wrapper.xcdatamodel; path = Recruit.xcdatamodel; sourceTree = "<group>"; };
		D2F818A619489FF8006E88FD /* CoreData.framework */ = {isa = PBXFileReference; lastKnownFileType = wrapper.framework; name = CoreData.framework; path = System/Library/Frameworks/CoreData.framework; sourceTree = SDKROOT; };
		D2F818B11948E691006E88FD /* YRDataManager.h */ = {isa = PBXFileReference; fileEncoding = 4; lastKnownFileType = sourcecode.c.h; name = YRDataManager.h; path = Recruit/YRDataManager.h; sourceTree = SOURCE_ROOT; };
		D2F818B21948E691006E88FD /* YRDataManager.m */ = {isa = PBXFileReference; fileEncoding = 4; lastKnownFileType = sourcecode.c.objc; name = YRDataManager.m; path = Recruit/YRDataManager.m; sourceTree = SOURCE_ROOT; };
/* End PBXFileReference section */

/* Begin PBXFrameworksBuildPhase section */
		D2F8185419465FE5006E88FD /* Frameworks */ = {
			isa = PBXFrameworksBuildPhase;
			buildActionMask = 2147483647;
			files = (
				D290361919A38CBE007D354B /* Guile.framework in Frameworks */,
				D2D1E571195F36DF0084D8DA /* QuartzCore.framework in Frameworks */,
				D25268A8194F3E6100EBE43E /* MessageUI.framework in Frameworks */,
				D2F818A719489FF8006E88FD /* CoreData.framework in Frameworks */,
				D2F8185D19465FE5006E88FD /* CoreGraphics.framework in Frameworks */,
				D2F8185F19465FE5006E88FD /* UIKit.framework in Frameworks */,
				D2F8185B19465FE5006E88FD /* Foundation.framework in Frameworks */,
			);
			runOnlyForDeploymentPostprocessing = 0;
		};
		D2F8187519465FE5006E88FD /* Frameworks */ = {
			isa = PBXFrameworksBuildPhase;
			buildActionMask = 2147483647;
			files = (
				D2F8187A19465FE5006E88FD /* XCTest.framework in Frameworks */,
				D2F8187C19465FE5006E88FD /* UIKit.framework in Frameworks */,
				D2F8187B19465FE5006E88FD /* Foundation.framework in Frameworks */,
			);
			runOnlyForDeploymentPostprocessing = 0;
		};
/* End PBXFrameworksBuildPhase section */

/* Begin PBXGroup section */
		D25268A9194F4B4B00EBE43E /* iPad */ = {
			isa = PBXGroup;
			children = (
				D25268AA194F5CBC00EBE43E /* Main_iPad.storyboard */,
			);
			name = iPad;
			sourceTree = "<group>";
		};
		D2B6244819805232006A385B /* RecruitingIcon */ = {
			isa = PBXGroup;
			children = (
				D2B6244919805232006A385B /* 114x114.png */,
				D2B6244A19805232006A385B /* 120x120.png */,
				D2B6244B19805232006A385B /* 144x144.png */,
				D2B6244C19805232006A385B /* 152x152.png */,
				D2B6244D19805232006A385B /* 57x57.png */,
				D2B6244E19805232006A385B /* 60x60.png */,
				D2B6244F19805232006A385B /* 72x72.png */,
				D2B6245019805232006A385B /* 76x76.png */,
			);
			path = RecruitingIcon;
			sourceTree = "<group>";
		};
		D2F8184E19465FE4006E88FD = {
			isa = PBXGroup;
			children = (
				D2F8186019465FE5006E88FD /* Recruit */,
				D2F8187F19465FE5006E88FD /* RecruitTests */,
				D2F8185919465FE5006E88FD /* Frameworks */,
				D2F8185819465FE5006E88FD /* Products */,
			);
			sourceTree = "<group>";
		};
		D2F8185819465FE5006E88FD /* Products */ = {
			isa = PBXGroup;
			children = (
				D2F8185719465FE5006E88FD /* Recruit.app */,
				D2F8187819465FE5006E88FD /* RecruitTests.xctest */,
			);
			name = Products;
			sourceTree = "<group>";
		};
		D2F8185919465FE5006E88FD /* Frameworks */ = {
			isa = PBXGroup;
			children = (
				D290361819A38CBE007D354B /* Guile.framework */,
				D2D1E570195F36DF0084D8DA /* QuartzCore.framework */,
				D25268A7194F3E6100EBE43E /* MessageUI.framework */,
				D2F818A619489FF8006E88FD /* CoreData.framework */,
				D2F8185A19465FE5006E88FD /* Foundation.framework */,
				D2F8185C19465FE5006E88FD /* CoreGraphics.framework */,
				D2F8185E19465FE5006E88FD /* UIKit.framework */,
				D2F8187919465FE5006E88FD /* XCTest.framework */,
			);
			name = Frameworks;
			sourceTree = "<group>";
		};
		D2F8186019465FE5006E88FD /* Recruit */ = {
			isa = PBXGroup;
			children = (
				D2B6244819805232006A385B /* RecruitingIcon */,
				D251C65E196CA8B8003E86FD /* goldStar.png */,
				D2B5313A196AF1400019C7D7 /* clock.png */,
				D2B53140196C994B0019C7D7 /* camera3.png */,
				D2D1E5761961BE2B0084D8DA /* camera.png */,
				D2B5313E196B0B410019C7D7 /* Camera2.png */,
				D251C660196F209A003E86FD /* flag.jpg */,
				D2B5313C196B0AFE0019C7D7 /* Camera1.png */,
				D2D1E57419611BC90084D8DA /* Columbia_engineering.jpg */,
				D2D1E5721960E3370084D8DA /* email.png */,
				D2BB41FC195C5E54002ECCC9 /* yahoo-icon.png */,
				D25268B519507E5300EBE43E /* gear.png */,
				D25268B319507DE400EBE43E /* wifi.png */,
				D25268B119507D8D00EBE43E /* folder.png */,
				D25268AF19507D7700EBE43E /* document.png */,
				D251C66E19756B82003E86FD /* yahoo.png */,
				D251C67019756C61003E86FD /* tag.ico */,
				D2B8C397197DC97200FBBE5F /* corporate_en-US_purple_small_v.jpg */,
				D2B8C399197DCCDF00FBBE5F /* corporate_en-US_purple_medium_v.jpg */,
				D2B623B7197EAB74006A385B /* upload.png */,
				D290360919A256AF007D354B /* upload1.png */,
				D290360B19A258B4007D354B /* upload2.png */,
				D2B6245C1981617C006A385B /* Recruit_Icon.png */,
				D2B2CAAC19885B490078C5B3 /* Edit-icon.png */,
				D25E489C198FCCBD0005A466 /* left.png */,
				D25E489E198FCCCA0005A466 /* right.png */,
				D290361A19A65236007D354B /* prevCandidate.png */,
				D290361B19A65236007D354B /* nextCandidate.png */,
				D290362419A67C4D007D354B /* checkbox.png */,
				D290362519A67C4D007D354B /* check.png */,
				D290362819A69D2F007D354B /* E-mail.png */,
				D298CE6619A7B6EE00D475DC /* delete.png */,
				D298CE6819A7B76300D475DC /* file_delete.png */,
				D25268A9194F4B4B00EBE43E /* iPad */,
				D2F818A119478777006E88FD /* YRClient */,
				D2F818A219478777006E88FD /* YRHost */,
				D203772F1986F8FA0000137F /* Event.h */,
				D20377301986F8FA0000137F /* Event.m */,
				D2F818A319489B5E006E88FD /* Recruit.xcdatamodeld */,
				D290362119A6747F007D354B /* CandidateEntry.h */,
				D290362219A6747F007D354B /* CandidateEntry.m */,
				D2B80EE0198AE9200058B5DE /* Appointment.h */,
				D2B80EE1198AE9200058B5DE /* Appointment.m */,
				D251C66B197484E0003E86FD /* Interviewer.h */,
				D251C66C197484E0003E86FD /* Interviewer.m */,
				D2F818B11948E691006E88FD /* YRDataManager.h */,
				D2F818B21948E691006E88FD /* YRDataManager.m */,
				D2D1E57B19633D4A0084D8DA /* YREmailGenerator.h */,
				D2D1E57C19633D4A0084D8DA /* YREmailGenerator.m */,
				D2F8186C19465FE5006E88FD /* Main_iPhone.storyboard */,
				D2F8186F19465FE5006E88FD /* YRMainViewController.h */,
				D2F8187019465FE5006E88FD /* YRMainViewController.m */,
				D2F8189519469FC1006E88FD /* YRMCManager.h */,
				D2F8189619469FC1006E88FD /* YRMCManager.m */,
				D2F8187219465FE5006E88FD /* Images.xcassets */,
				D2F8186119465FE5006E88FD /* Supporting Files */,
			);
			path = Recruit;
			sourceTree = "<group>";
		};
		D2F8186119465FE5006E88FD /* Supporting Files */ = {
			isa = PBXGroup;
			children = (
				D2F8186919465FE5006E88FD /* YRAppDelegate.h */,
				D2F8186A19465FE5006E88FD /* YRAppDelegate.m */,
				D2F8186219465FE5006E88FD /* Recruit-Info.plist */,
				D2F8186319465FE5006E88FD /* InfoPlist.strings */,
				D2F8186619465FE5006E88FD /* main.m */,
				D2F8186819465FE5006E88FD /* Recruit-Prefix.pch */,
			);
			name = "Supporting Files";
			sourceTree = "<group>";
		};
		D2F8187F19465FE5006E88FD /* RecruitTests */ = {
			isa = PBXGroup;
			children = (
				D2F8188519465FE5006E88FD /* RecruitTests.m */,
				D2F8188019465FE5006E88FD /* Supporting Files */,
			);
			path = RecruitTests;
			sourceTree = "<group>";
		};
		D2F8188019465FE5006E88FD /* Supporting Files */ = {
			isa = PBXGroup;
			children = (
				D2F8188119465FE5006E88FD /* RecruitTests-Info.plist */,
				D2F8188219465FE5006E88FD /* InfoPlist.strings */,
			);
			name = "Supporting Files";
			sourceTree = "<group>";
		};
		D2F818A119478777006E88FD /* YRClient */ = {
			isa = PBXGroup;
			children = (
				D2CB59AD195393D900CAB252 /* YRClientSignInViewController.h */,
				D2CB59AE195393D900CAB252 /* YRClientSignInViewController.m */,
				D2F818981946B3E4006E88FD /* YRFormViewController.h */,
				D2F818991946B3E4006E88FD /* YRFormViewController.m */,
				D251C66219704035003E86FD /* YRDebriefViewController.h */,
				D251C66319704035003E86FD /* YRDebriefViewController.m */,
				D251C67519761610003E86FD /* YRDebriefSearchModeViewController.h */,
				D251C67619761610003E86FD /* YRDebriefSearchModeViewController.m */,
				D251C67E1976E41A003E86FD /* YRDebriefSearchModeDetailViewController.h */,
				D251C67F1976E41A003E86FD /* YRDebriefSearchModeDetailViewController.m */,
				D251C67B1976DA1B003E86FD /* YRSearchResultCell.h */,
				D251C67C1976DA1B003E86FD /* YRSearchResultCell.m */,
			);
			path = YRClient;
			sourceTree = "<group>";
		};
		D2F818A219478777006E88FD /* YRHost */ = {
			isa = PBXGroup;
			children = (
				D2F8188F19466940006E88FD /* YRHostMainViewController.h */,
				D2F8189019466940006E88FD /* YRHostMainViewController.m */,
				D2F8189B19474712006E88FD /* YRDataViewController.h */,
				D2F8189C19474712006E88FD /* YRDataViewController.m */,
				D2A6806C194B83AA0091B768 /* YRHostSettingViewController.h */,
				D2A6806D194B83AA0091B768 /* YRHostSettingViewController.m */,
				D2B80EE3198BDA290058B5DE /* YRDatePickerView.h */,
				D2B80EE4198BDA290058B5DE /* YRDatePickerView.m */,
				D290360D19A28E47007D354B /* YRYDayPickerView.h */,
				D290360E19A28E47007D354B /* YRYDayPickerView.m */,
				D290361E19A6630F007D354B /* YRYDaySelecterView.h */,
				D290361F19A6630F007D354B /* YRYDaySelecterView.m */,
				D24341461954FFE4004A31E1 /* YRHostTimeCardViewController.h */,
				D24341471954FFE4004A31E1 /* YRHostTimeCardViewController.m */,
				D24341491959C23C004A31E1 /* YRSchedulingViewController.h */,
				D243414A1959C23C004A31E1 /* YRSchedulingViewController.m */,
				D243414C1959D838004A31E1 /* YRTimeCardView.h */,
				D243414D1959D838004A31E1 /* YRTimeCardView.m */,
				D2A68074194CB4CA0091B768 /* YRHostDetailViewController.h */,
				D2A68075194CB4CA0091B768 /* YRHostDetailViewController.m */,
				D2F8189E19476113006E88FD /* YRinfoDataCell.h */,
				D2F8189F19476113006E88FD /* YRinfoDataCell.m */,
				D203772C1986E7310000137F /* YREventDataCell.h */,
				D203772D1986E7310000137F /* YREventDataCell.m */,
				D25268B71950826800EBE43E /* YRViewerDataCell.h */,
				D25268B81950826800EBE43E /* YRViewerDataCell.m */,
				D2B2CAA91987F2A70078C5B3 /* YRFormDataCell.h */,
				D2B2CAAA1987F2A70078C5B3 /* YRFormDataCell.m */,
			);
			path = YRHost;
			sourceTree = "<group>";
		};
/* End PBXGroup section */

/* Begin PBXNativeTarget section */
		D2F8185619465FE5006E88FD /* Recruit */ = {
			isa = PBXNativeTarget;
			buildConfigurationList = D2F8188919465FE5006E88FD /* Build configuration list for PBXNativeTarget "Recruit" */;
			buildPhases = (
				D2F8185319465FE5006E88FD /* Sources */,
				D2F8185419465FE5006E88FD /* Frameworks */,
				D2F8185519465FE5006E88FD /* Resources */,
			);
			buildRules = (
			);
			dependencies = (
			);
			name = Recruit;
			productName = Recruit;
			productReference = D2F8185719465FE5006E88FD /* Recruit.app */;
			productType = "com.apple.product-type.application";
		};
		D2F8187719465FE5006E88FD /* RecruitTests */ = {
			isa = PBXNativeTarget;
			buildConfigurationList = D2F8188C19465FE5006E88FD /* Build configuration list for PBXNativeTarget "RecruitTests" */;
			buildPhases = (
				D2F8187419465FE5006E88FD /* Sources */,
				D2F8187519465FE5006E88FD /* Frameworks */,
				D2F8187619465FE5006E88FD /* Resources */,
			);
			buildRules = (
			);
			dependencies = (
				D2F8187E19465FE5006E88FD /* PBXTargetDependency */,
			);
			name = RecruitTests;
			productName = RecruitTests;
			productReference = D2F8187819465FE5006E88FD /* RecruitTests.xctest */;
			productType = "com.apple.product-type.bundle.unit-test";
		};
/* End PBXNativeTarget section */

/* Begin PBXProject section */
		D2F8184F19465FE4006E88FD /* Project object */ = {
			isa = PBXProject;
			attributes = {
				CLASSPREFIX = YR;
				LastUpgradeCheck = 0600;
				ORGANIZATIONNAME = "Yahoo-inc";
				TargetAttributes = {
					D2F8187719465FE5006E88FD = {
						TestTargetID = D2F8185619465FE5006E88FD;
					};
				};
			};
			buildConfigurationList = D2F8185219465FE4006E88FD /* Build configuration list for PBXProject "Recruit" */;
			compatibilityVersion = "Xcode 3.2";
			developmentRegion = English;
			hasScannedForEncodings = 0;
			knownRegions = (
				en,
				Base,
			);
			mainGroup = D2F8184E19465FE4006E88FD;
			productRefGroup = D2F8185819465FE5006E88FD /* Products */;
			projectDirPath = "";
			projectRoot = "";
			targets = (
				D2F8185619465FE5006E88FD /* Recruit */,
				D2F8187719465FE5006E88FD /* RecruitTests */,
			);
		};
/* End PBXProject section */

/* Begin PBXResourcesBuildPhase section */
		D2F8185519465FE5006E88FD /* Resources */ = {
			isa = PBXResourcesBuildPhase;
			buildActionMask = 2147483647;
			files = (
				D298CE6919A7B76300D475DC /* file_delete.png in Resources */,
				D25E489D198FCCBD0005A466 /* left.png in Resources */,
				D290360C19A258B4007D354B /* upload2.png in Resources */,
				D2D1E57519611BC90084D8DA /* Columbia_engineering.jpg in Resources */,
				D251C661196F209A003E86FD /* flag.jpg in Resources */,
				D2B6245719805232006A385B /* 72x72.png in Resources */,
				D2B6245119805232006A385B /* 114x114.png in Resources */,
				D298CE6719A7B6EE00D475DC /* delete.png in Resources */,
				D2B6245419805232006A385B /* 152x152.png in Resources */,
				D25268B019507D7700EBE43E /* document.png in Resources */,
				D2B6245319805232006A385B /* 144x144.png in Resources */,
				D2BB41FD195C5E54002ECCC9 /* yahoo-icon.png in Resources */,
				D2F8187319465FE5006E88FD /* Images.xcassets in Resources */,
				D2B6245D1981617C006A385B /* Recruit_Icon.png in Resources */,
				D2B6245619805232006A385B /* 60x60.png in Resources */,
				D2B623B8197EAB74006A385B /* upload.png in Resources */,
				D290362919A69D2F007D354B /* E-mail.png in Resources */,
				D290361C19A65236007D354B /* prevCandidate.png in Resources */,
				D25268B619507E5300EBE43E /* gear.png in Resources */,
				D25268B419507DE400EBE43E /* wifi.png in Resources */,
				D25268AB194F5CBC00EBE43E /* Main_iPad.storyboard in Resources */,
				D2F8186519465FE5006E88FD /* InfoPlist.strings in Resources */,
				D251C66F19756B82003E86FD /* yahoo.png in Resources */,
				D2B6245219805232006A385B /* 120x120.png in Resources */,
				D2F8186E19465FE5006E88FD /* Main_iPhone.storyboard in Resources */,
				D25E489F198FCCCA0005A466 /* right.png in Resources */,
				D2D1E5731960E3370084D8DA /* email.png in Resources */,
				D2B2CAAD19885B490078C5B3 /* Edit-icon.png in Resources */,
				D2B8C398197DC97200FBBE5F /* corporate_en-US_purple_small_v.jpg in Resources */,
				D290360A19A256AF007D354B /* upload1.png in Resources */,
				D251C67119756C61003E86FD /* tag.ico in Resources */,
				D2B8C39A197DCCDF00FBBE5F /* corporate_en-US_purple_medium_v.jpg in Resources */,
				D2B53141196C994B0019C7D7 /* camera3.png in Resources */,
				D290362619A67C4D007D354B /* checkbox.png in Resources */,
				D251C65F196CA8B8003E86FD /* goldStar.png in Resources */,
				D290361D19A65236007D354B /* nextCandidate.png in Resources */,
				D2B5313D196B0AFE0019C7D7 /* Camera1.png in Resources */,
				D2D1E5771961BE2B0084D8DA /* camera.png in Resources */,
				D2B6245519805232006A385B /* 57x57.png in Resources */,
				D290362719A67C4D007D354B /* check.png in Resources */,
				D25268B219507D8D00EBE43E /* folder.png in Resources */,
				D2B5313F196B0B410019C7D7 /* Camera2.png in Resources */,
				D2B5313B196AF1400019C7D7 /* clock.png in Resources */,
				D2B6245819805232006A385B /* 76x76.png in Resources */,
			);
			runOnlyForDeploymentPostprocessing = 0;
		};
		D2F8187619465FE5006E88FD /* Resources */ = {
			isa = PBXResourcesBuildPhase;
			buildActionMask = 2147483647;
			files = (
				D2F8188419465FE5006E88FD /* InfoPlist.strings in Resources */,
			);
			runOnlyForDeploymentPostprocessing = 0;
		};
/* End PBXResourcesBuildPhase section */

/* Begin PBXSourcesBuildPhase section */
		D2F8185319465FE5006E88FD /* Sources */ = {
			isa = PBXSourcesBuildPhase;
			buildActionMask = 2147483647;
			files = (
				D251C67D1976DA1B003E86FD /* YRSearchResultCell.m in Sources */,
				D2F818A519489B5E006E88FD /* Recruit.xcdatamodeld in Sources */,
				D2F818A019476113006E88FD /* YRinfoDataCell.m in Sources */,
				D2F8187119465FE5006E88FD /* YRMainViewController.m in Sources */,
				D2F8189719469FC1006E88FD /* YRMCManager.m in Sources */,
				D2F818B31948E691006E88FD /* YRDataManager.m in Sources */,
				D2F8186719465FE5006E88FD /* main.m in Sources */,
				D251C66419704035003E86FD /* YRDebriefViewController.m in Sources */,
				D290360F19A28E47007D354B /* YRYDayPickerView.m in Sources */,
				D2F8189119466940006E88FD /* YRHostMainViewController.m in Sources */,
				D290362019A6630F007D354B /* YRYDaySelecterView.m in Sources */,
				D290362319A6747F007D354B /* CandidateEntry.m in Sources */,
				D2A6806E194B83AA0091B768 /* YRHostSettingViewController.m in Sources */,
				D24341481954FFE4004A31E1 /* YRHostTimeCardViewController.m in Sources */,
				D251C67719761610003E86FD /* YRDebriefSearchModeViewController.m in Sources */,
				D243414B1959C23C004A31E1 /* YRSchedulingViewController.m in Sources */,
				D2CB59AF195393D900CAB252 /* YRClientSignInViewController.m in Sources */,
				D2B80EE5198BDA290058B5DE /* YRDatePickerView.m in Sources */,
				D25268B91950826800EBE43E /* YRViewerDataCell.m in Sources */,
				D2A68076194CB4CA0091B768 /* YRHostDetailViewController.m in Sources */,
				D203772E1986E7310000137F /* YREventDataCell.m in Sources */,
				D20377311986F8FA0000137F /* Event.m in Sources */,
				D2F8189D19474712006E88FD /* YRDataViewController.m in Sources */,
				D243414E1959D838004A31E1 /* YRTimeCardView.m in Sources */,
				D2B2CAAB1987F2A70078C5B3 /* YRFormDataCell.m in Sources */,
				D251C66D197484E0003E86FD /* Interviewer.m in Sources */,
				D2D1E57D19633D4A0084D8DA /* YREmailGenerator.m in Sources */,
				D2F8186B19465FE5006E88FD /* YRAppDelegate.m in Sources */,
				D2F8189A1946B3E4006E88FD /* YRFormViewController.m in Sources */,
				D251C6801976E41A003E86FD /* YRDebriefSearchModeDetailViewController.m in Sources */,
				D2B80EE2198AE9200058B5DE /* Appointment.m in Sources */,
			);
			runOnlyForDeploymentPostprocessing = 0;
		};
		D2F8187419465FE5006E88FD /* Sources */ = {
			isa = PBXSourcesBuildPhase;
			buildActionMask = 2147483647;
			files = (
				D2F8188619465FE5006E88FD /* RecruitTests.m in Sources */,
			);
			runOnlyForDeploymentPostprocessing = 0;
		};
/* End PBXSourcesBuildPhase section */

/* Begin PBXTargetDependency section */
		D2F8187E19465FE5006E88FD /* PBXTargetDependency */ = {
			isa = PBXTargetDependency;
			target = D2F8185619465FE5006E88FD /* Recruit */;
			targetProxy = D2F8187D19465FE5006E88FD /* PBXContainerItemProxy */;
		};
/* End PBXTargetDependency section */

/* Begin PBXVariantGroup section */
		D2F8186319465FE5006E88FD /* InfoPlist.strings */ = {
			isa = PBXVariantGroup;
			children = (
				D2F8186419465FE5006E88FD /* en */,
			);
			name = InfoPlist.strings;
			sourceTree = "<group>";
		};
		D2F8186C19465FE5006E88FD /* Main_iPhone.storyboard */ = {
			isa = PBXVariantGroup;
			children = (
				D2F8186D19465FE5006E88FD /* Base */,
			);
			name = Main_iPhone.storyboard;
			sourceTree = "<group>";
		};
		D2F8188219465FE5006E88FD /* InfoPlist.strings */ = {
			isa = PBXVariantGroup;
			children = (
				D2F8188319465FE5006E88FD /* en */,
			);
			name = InfoPlist.strings;
			sourceTree = "<group>";
		};
/* End PBXVariantGroup section */

/* Begin XCBuildConfiguration section */
		D290361019A290B4007D354B /* Wildcard */ = {
			isa = XCBuildConfiguration;
			buildSettings = {
				ALWAYS_SEARCH_USER_PATHS = NO;
				CLANG_CXX_LANGUAGE_STANDARD = "gnu++0x";
				CLANG_CXX_LIBRARY = "libc++";
				CLANG_ENABLE_MODULES = YES;
				CLANG_ENABLE_OBJC_ARC = YES;
				CLANG_WARN_BOOL_CONVERSION = YES;
				CLANG_WARN_CONSTANT_CONVERSION = YES;
				CLANG_WARN_DIRECT_OBJC_ISA_USAGE = YES_ERROR;
				CLANG_WARN_EMPTY_BODY = YES;
				CLANG_WARN_ENUM_CONVERSION = YES;
				CLANG_WARN_INT_CONVERSION = YES;
				CLANG_WARN_OBJC_ROOT_CLASS = YES_ERROR;
				CLANG_WARN__DUPLICATE_METHOD_MATCH = YES;
				"CODE_SIGN_IDENTITY[sdk=iphoneos*]" = "iPhone Developer";
				COPY_PHASE_STRIP = YES;
				ENABLE_NS_ASSERTIONS = NO;
				GCC_C_LANGUAGE_STANDARD = gnu99;
				GCC_PREPROCESSOR_DEFINITIONS = "YBUILD_WILDCARD=1";
				GCC_WARN_64_TO_32_BIT_CONVERSION = YES;
				GCC_WARN_ABOUT_RETURN_TYPE = YES_ERROR;
				GCC_WARN_UNDECLARED_SELECTOR = YES;
				GCC_WARN_UNINITIALIZED_AUTOS = YES;
				GCC_WARN_UNUSED_FUNCTION = YES;
				GCC_WARN_UNUSED_VARIABLE = YES;
				IPHONEOS_DEPLOYMENT_TARGET = 7.0;
				SDKROOT = iphoneos;
				VALIDATE_PRODUCT = YES;
			};
			name = Wildcard;
		};
		D290361119A290B4007D354B /* Wildcard */ = {
			isa = XCBuildConfiguration;
			buildSettings = {
				ASSETCATALOG_COMPILER_APPICON_NAME = AppIcon;
				ASSETCATALOG_COMPILER_LAUNCHIMAGE_NAME = LaunchImage;
				CODE_SIGN_IDENTITY = "iPhone Distribution";
				"CODE_SIGN_IDENTITY[sdk=iphoneos*]" = "iPhone Distribution";
				FRAMEWORK_SEARCH_PATHS = (
					"$(PROJECT_DIR)",
					"$(inherited)",
				);
				GCC_PRECOMPILE_PREFIX_HEADER = YES;
				GCC_PREFIX_HEADER = "Recruit/Recruit-Prefix.pch";
				INFOPLIST_FILE = "Recruit/Recruit-Info.plist";
				IPHONEOS_DEPLOYMENT_TARGET = 7.0;
				OTHER_LDFLAGS = "-ObjC";
				PRODUCT_NAME = "$(TARGET_NAME)";
				PROVISIONING_PROFILE = "";
				TARGETED_DEVICE_FAMILY = "1,2";
				WRAPPER_EXTENSION = app;
			};
			name = Wildcard;
		};
		D290361219A290B4007D354B /* Wildcard */ = {
			isa = XCBuildConfiguration;
			buildSettings = {
				BUNDLE_LOADER = "$(BUILT_PRODUCTS_DIR)/Recruit.app/Recruit";
				FRAMEWORK_SEARCH_PATHS = (
					"$(SDKROOT)/Developer/Library/Frameworks",
					"$(inherited)",
					"$(DEVELOPER_FRAMEWORKS_DIR)",
				);
				GCC_PRECOMPILE_PREFIX_HEADER = YES;
				GCC_PREFIX_HEADER = "Recruit/Recruit-Prefix.pch";
				INFOPLIST_FILE = "RecruitTests/RecruitTests-Info.plist";
				PRODUCT_NAME = "$(TARGET_NAME)";
				TEST_HOST = "$(BUNDLE_LOADER)";
				WRAPPER_EXTENSION = xctest;
			};
			name = Wildcard;
		};
		D2F8188719465FE5006E88FD /* Debug */ = {
			isa = XCBuildConfiguration;
			buildSettings = {
				ALWAYS_SEARCH_USER_PATHS = NO;
				CLANG_CXX_LANGUAGE_STANDARD = "gnu++0x";
				CLANG_CXX_LIBRARY = "libc++";
				CLANG_ENABLE_MODULES = YES;
				CLANG_ENABLE_OBJC_ARC = YES;
				CLANG_WARN_BOOL_CONVERSION = YES;
				CLANG_WARN_CONSTANT_CONVERSION = YES;
				CLANG_WARN_DIRECT_OBJC_ISA_USAGE = YES_ERROR;
				CLANG_WARN_EMPTY_BODY = YES;
				CLANG_WARN_ENUM_CONVERSION = YES;
				CLANG_WARN_INT_CONVERSION = YES;
				CLANG_WARN_OBJC_ROOT_CLASS = YES_ERROR;
				CLANG_WARN__DUPLICATE_METHOD_MATCH = YES;
				"CODE_SIGN_IDENTITY[sdk=iphoneos*]" = "iPhone Developer";
				COPY_PHASE_STRIP = NO;
				GCC_C_LANGUAGE_STANDARD = gnu99;
				GCC_DYNAMIC_NO_PIC = NO;
				GCC_OPTIMIZATION_LEVEL = 0;
				GCC_PREPROCESSOR_DEFINITIONS = (
					"DEBUG=1",
					"$(inherited)",
				);
				GCC_SYMBOLS_PRIVATE_EXTERN = NO;
				GCC_WARN_64_TO_32_BIT_CONVERSION = YES;
				GCC_WARN_ABOUT_RETURN_TYPE = YES_ERROR;
				GCC_WARN_UNDECLARED_SELECTOR = YES;
				GCC_WARN_UNINITIALIZED_AUTOS = YES;
				GCC_WARN_UNUSED_FUNCTION = YES;
				GCC_WARN_UNUSED_VARIABLE = YES;
				IPHONEOS_DEPLOYMENT_TARGET = 7.0;
				ONLY_ACTIVE_ARCH = YES;
				SDKROOT = iphoneos;
			};
			name = Debug;
		};
		D2F8188819465FE5006E88FD /* Release */ = {
			isa = XCBuildConfiguration;
			buildSettings = {
				ALWAYS_SEARCH_USER_PATHS = NO;
				CLANG_CXX_LANGUAGE_STANDARD = "gnu++0x";
				CLANG_CXX_LIBRARY = "libc++";
				CLANG_ENABLE_MODULES = YES;
				CLANG_ENABLE_OBJC_ARC = YES;
				CLANG_WARN_BOOL_CONVERSION = YES;
				CLANG_WARN_CONSTANT_CONVERSION = YES;
				CLANG_WARN_DIRECT_OBJC_ISA_USAGE = YES_ERROR;
				CLANG_WARN_EMPTY_BODY = YES;
				CLANG_WARN_ENUM_CONVERSION = YES;
				CLANG_WARN_INT_CONVERSION = YES;
				CLANG_WARN_OBJC_ROOT_CLASS = YES_ERROR;
				CLANG_WARN__DUPLICATE_METHOD_MATCH = YES;
				"CODE_SIGN_IDENTITY[sdk=iphoneos*]" = "iPhone Developer";
				COPY_PHASE_STRIP = YES;
				ENABLE_NS_ASSERTIONS = NO;
				GCC_C_LANGUAGE_STANDARD = gnu99;
				GCC_WARN_64_TO_32_BIT_CONVERSION = YES;
				GCC_WARN_ABOUT_RETURN_TYPE = YES_ERROR;
				GCC_WARN_UNDECLARED_SELECTOR = YES;
				GCC_WARN_UNINITIALIZED_AUTOS = YES;
				GCC_WARN_UNUSED_FUNCTION = YES;
				GCC_WARN_UNUSED_VARIABLE = YES;
				IPHONEOS_DEPLOYMENT_TARGET = 7.0;
				SDKROOT = iphoneos;
				VALIDATE_PRODUCT = YES;
			};
			name = Release;
		};
		D2F8188A19465FE5006E88FD /* Debug */ = {
			isa = XCBuildConfiguration;
			buildSettings = {
				ASSETCATALOG_COMPILER_APPICON_NAME = AppIcon;
				ASSETCATALOG_COMPILER_LAUNCHIMAGE_NAME = LaunchImage;
				CODE_SIGN_IDENTITY = "iPhone Developer";
				"CODE_SIGN_IDENTITY[sdk=iphoneos*]" = "iPhone Developer";
				FRAMEWORK_SEARCH_PATHS = (
					"$(PROJECT_DIR)",
					"$(inherited)",
				);
				GCC_PRECOMPILE_PREFIX_HEADER = YES;
				GCC_PREFIX_HEADER = "Recruit/Recruit-Prefix.pch";
				INFOPLIST_FILE = "Recruit/Recruit-Info.plist";
				IPHONEOS_DEPLOYMENT_TARGET = 7.0;
				OTHER_LDFLAGS = "-ObjC";
				PRODUCT_NAME = "$(TARGET_NAME)";
				PROVISIONING_PROFILE = "";
				TARGETED_DEVICE_FAMILY = "1,2";
				WRAPPER_EXTENSION = app;
			};
			name = Debug;
		};
		D2F8188B19465FE5006E88FD /* Release */ = {
			isa = XCBuildConfiguration;
			buildSettings = {
				ASSETCATALOG_COMPILER_APPICON_NAME = AppIcon;
				ASSETCATALOG_COMPILER_LAUNCHIMAGE_NAME = LaunchImage;
				CODE_SIGN_IDENTITY = "iPhone Developer";
				"CODE_SIGN_IDENTITY[sdk=iphoneos*]" = "iPhone Developer";
				FRAMEWORK_SEARCH_PATHS = (
					"$(PROJECT_DIR)",
					"$(inherited)",
				);
				GCC_PRECOMPILE_PREFIX_HEADER = YES;
				GCC_PREFIX_HEADER = "Recruit/Recruit-Prefix.pch";
				INFOPLIST_FILE = "Recruit/Recruit-Info.plist";
				IPHONEOS_DEPLOYMENT_TARGET = 7.0;
				OTHER_LDFLAGS = "-ObjC";
				PRODUCT_NAME = "$(TARGET_NAME)";
				PROVISIONING_PROFILE = "";
				TARGETED_DEVICE_FAMILY = "1,2";
				WRAPPER_EXTENSION = app;
			};
			name = Release;
		};
		D2F8188D19465FE5006E88FD /* Debug */ = {
			isa = XCBuildConfiguration;
			buildSettings = {
				BUNDLE_LOADER = "$(BUILT_PRODUCTS_DIR)/Recruit.app/Recruit";
				FRAMEWORK_SEARCH_PATHS = (
					"$(SDKROOT)/Developer/Library/Frameworks",
					"$(inherited)",
					"$(DEVELOPER_FRAMEWORKS_DIR)",
				);
				GCC_PRECOMPILE_PREFIX_HEADER = YES;
				GCC_PREFIX_HEADER = "Recruit/Recruit-Prefix.pch";
				GCC_PREPROCESSOR_DEFINITIONS = (
					"DEBUG=1",
					"$(inherited)",
				);
				INFOPLIST_FILE = "RecruitTests/RecruitTests-Info.plist";
				PRODUCT_NAME = "$(TARGET_NAME)";
				TEST_HOST = "$(BUNDLE_LOADER)";
				WRAPPER_EXTENSION = xctest;
			};
			name = Debug;
		};
		D2F8188E19465FE5006E88FD /* Release */ = {
			isa = XCBuildConfiguration;
			buildSettings = {
				BUNDLE_LOADER = "$(BUILT_PRODUCTS_DIR)/Recruit.app/Recruit";
				FRAMEWORK_SEARCH_PATHS = (
					"$(SDKROOT)/Developer/Library/Frameworks",
					"$(inherited)",
					"$(DEVELOPER_FRAMEWORKS_DIR)",
				);
				GCC_PRECOMPILE_PREFIX_HEADER = YES;
				GCC_PREFIX_HEADER = "Recruit/Recruit-Prefix.pch";
				INFOPLIST_FILE = "RecruitTests/RecruitTests-Info.plist";
				PRODUCT_NAME = "$(TARGET_NAME)";
				TEST_HOST = "$(BUNDLE_LOADER)";
				WRAPPER_EXTENSION = xctest;
			};
			name = Release;
		};
/* End XCBuildConfiguration section */

/* Begin XCConfigurationList section */
		D2F8185219465FE4006E88FD /* Build configuration list for PBXProject "Recruit" */ = {
			isa = XCConfigurationList;
			buildConfigurations = (
				D2F8188719465FE5006E88FD /* Debug */,
				D2F8188819465FE5006E88FD /* Release */,
				D290361019A290B4007D354B /* Wildcard */,
			);
			defaultConfigurationIsVisible = 0;
			defaultConfigurationName = Release;
		};
		D2F8188919465FE5006E88FD /* Build configuration list for PBXNativeTarget "Recruit" */ = {
			isa = XCConfigurationList;
			buildConfigurations = (
				D2F8188A19465FE5006E88FD /* Debug */,
				D2F8188B19465FE5006E88FD /* Release */,
				D290361119A290B4007D354B /* Wildcard */,
			);
			defaultConfigurationIsVisible = 0;
			defaultConfigurationName = Release;
		};
		D2F8188C19465FE5006E88FD /* Build configuration list for PBXNativeTarget "RecruitTests" */ = {
			isa = XCConfigurationList;
			buildConfigurations = (
				D2F8188D19465FE5006E88FD /* Debug */,
				D2F8188E19465FE5006E88FD /* Release */,
				D290361219A290B4007D354B /* Wildcard */,
			);
			defaultConfigurationIsVisible = 0;
			defaultConfigurationName = Release;
		};
/* End XCConfigurationList section */

/* Begin XCVersionGroup section */
		D2F818A319489B5E006E88FD /* Recruit.xcdatamodeld */ = {
			isa = XCVersionGroup;
			children = (
				D2F818A419489B5E006E88FD /* Recruit.xcdatamodel */,
			);
			currentVersion = D2F818A419489B5E006E88FD /* Recruit.xcdatamodel */;
			path = Recruit.xcdatamodeld;
			sourceTree = "<group>";
			versionGroupType = wrapper.xcdatamodel;
		};
/* End XCVersionGroup section */
	};
	rootObject = D2F8184F19465FE4006E88FD /* Project object */;
}
